<?xml version="1.0" encoding="utf-8"?>
<Project ToolsVersion="4.0" xmlns="http://schemas.microsoft.com/developer/msbuild/2003">
  <ItemGroup>
    <ClCompile Include="main.cpp" />
    <ClCompile Include="Planet.cpp" />
    <ClCompile Include="PlanetaryGravity.cpp" />
  </ItemGroup>
  <ItemGroup>
    <ClInclude Include="Planet.h" />
    <ClInclude Include="PlanetaryGravity.h" />
  <ItemGroup>
    <Filter Include="Data">
      <UniqueIdentifier>{6d28130d-e427-412c-a0ed-31c99cf0e959}</UniqueIdentifier>
    </Filter>
  </ItemGroup>
  <ItemGroup>
    <None Include="Data\PlanetaryData.ini">
      <Filter>Data</Filter>
    </None>
  </ItemGroup>
</Project>