<?xml version="1.0" encoding="utf-8"?>
<Project ToolsVersion="4.0" xmlns="http://schemas.microsoft.com/developer/msbuild/2003">
  <ItemGroup>
    <Filter Include="Source Files">
      <UniqueIdentifier>{4FC737F1-C7A5-4376-A066-2A32D752A2FF}</UniqueIdentifier>
      <Extensions>cpp;c;cc;cxx;def;odl;idl;hpj;bat;asm;asmx</Extensions>
    </Filter>
    <Filter Include="Header Files">
      <UniqueIdentifier>{93995380-89BD-4b04-88EB-625FBE52EBFB}</UniqueIdentifier>
      <Extensions>h;hh;hpp;hxx;hm;inl;inc;xsd</Extensions>
    </Filter>
    <Filter Include="Resource Files">
      <UniqueIdentifier>{67DA6AB6-F800-4c08-8B7A-83BB121AAD01}</UniqueIdentifier>
      <Extensions>rc;ico;cur;bmp;dlg;rc2;rct;bin;rgs;gif;jpg;jpeg;jpe;resx;tiff;tif;png;wav;mfcribbon-ms</Extensions>
    </Filter>
    <Filter Include="Header Files\View">
      <UniqueIdentifier>{7ca78a29-cdcc-4f23-b8bd-b9b0f783f9c8}</UniqueIdentifier>
    </Filter>
    <Filter Include="Header Files\DataTypes">
      <UniqueIdentifier>{9e10cbd7-3a66-4fba-bd7e-e87149e207d8}</UniqueIdentifier>
    </Filter>
    <Filter Include="Source Files\View">
      <UniqueIdentifier>{5f8cc771-2eba-4e9a-888f-d8fd79abf205}</UniqueIdentifier>
    </Filter>
    <Filter Include="Source Files\Space3D">
      <UniqueIdentifier>{939658a1-8c0a-4f80-8fa2-e26359246dcb}</UniqueIdentifier>
    </Filter>
    <Filter Include="Header Files\Space3D">
      <UniqueIdentifier>{20bb24ec-92b8-4ff1-ad27-1e659cf217ce}</UniqueIdentifier>
    </Filter>
    <Filter Include="Header Files\Space2D">
      <UniqueIdentifier>{5a25ba3e-b658-4dc2-950d-781bf381881d}</UniqueIdentifier>
    </Filter>
    <Filter Include="Source Files\Space2D">
      <UniqueIdentifier>{eed7a7d2-d4f4-4974-b92e-4e7d782bdfc4}</UniqueIdentifier>
    </Filter>
    <Filter Include="Source Files\DataTypes">
      <UniqueIdentifier>{ae12ab17-0bc1-4b86-83fe-011834de77d7}</UniqueIdentifier>
    </Filter>
    <Filter Include="Header Files\Include">
      <UniqueIdentifier>{13422372-9239-49c8-b584-001720fd9968}</UniqueIdentifier>
    </Filter>
    <Filter Include="Source Files\Utilities">
      <UniqueIdentifier>{59fd5d83-5f22-4778-a83b-84d42cf8b8dc}</UniqueIdentifier>
    </Filter>
    <Filter Include="Source Files\Utilities\OpenGL">
      <UniqueIdentifier>{9f6e73d4-e8f0-4414-8425-bf6408b9cabc}</UniqueIdentifier>
    </Filter>
    <Filter Include="Header Files\Utilities">
      <UniqueIdentifier>{bca61b6e-3855-4529-b1c6-f07763e95234}</UniqueIdentifier>
    </Filter>
    <Filter Include="Header Files\Utilities\OpenGL">
      <UniqueIdentifier>{f986266c-3bda-45f0-b058-4a88814e433b}</UniqueIdentifier>
    </Filter>
    <Filter Include="Header Files\Utilities\Math">
      <UniqueIdentifier>{7af774b1-0f1b-4746-b46d-dd4765e27e96}</UniqueIdentifier>
    </Filter>
    <Filter Include="Source Files\Utilities\Math">
      <UniqueIdentifier>{46435713-a99b-46ef-b045-4c57c22e3abe}</UniqueIdentifier>
    </Filter>
    <Filter Include="Header Files\Utilities\Files">
      <UniqueIdentifier>{a95a34ab-ae41-4224-86ad-8caaf496ac4a}</UniqueIdentifier>
    </Filter>
    <Filter Include="Source Files\Utilities\Files">
      <UniqueIdentifier>{027d8baf-fda4-4918-860d-f0461676bb07}</UniqueIdentifier>
    </Filter>
    <Filter Include="Header Files\Utilities\DataTypeExtenders">
      <UniqueIdentifier>{0d8b9f97-678d-4190-bf3a-ce0c5bf4fee1}</UniqueIdentifier>
    </Filter>
    <Filter Include="Source Files\Utilities\DataTypeExtenders">
      <UniqueIdentifier>{80b551d5-29d7-4df5-bad8-36c0efacffd5}</UniqueIdentifier>
    </Filter>
    <Filter Include="Header Files\Physics">
      <UniqueIdentifier>{51543435-2398-4588-8a1e-7b2021ed30e2}</UniqueIdentifier>
    </Filter>
    <Filter Include="Header Files\Utilities\Debug">
      <UniqueIdentifier>{894fc81a-1453-480f-90c8-c6f7dabc21f0}</UniqueIdentifier>
    </Filter>
    <Filter Include="Source Files\Physics">
      <UniqueIdentifier>{972e28f4-5977-4276-adae-39a44cbf723e}</UniqueIdentifier>
    </Filter>
    <Filter Include="Header Files\Managment">
      <UniqueIdentifier>{7c64ea9a-a944-4a96-8a2b-70b77e27154e}</UniqueIdentifier>
    </Filter>
    <Filter Include="Source Files\Management">
      <UniqueIdentifier>{6f4a2ba5-a728-4180-8921-b137d5dacfa0}</UniqueIdentifier>
    </Filter>
    <Filter Include="Header Files\Definitions">
      <UniqueIdentifier>{67b4033f-ec42-4708-aa54-cd0c6d4eb855}</UniqueIdentifier>
    </Filter>
    <Filter Include="Header Files\Utilities\Time">
      <UniqueIdentifier>{ec1aab75-bb5a-4cb2-b31c-ab84aaadaf8c}</UniqueIdentifier>
    </Filter>
  </ItemGroup>
  <ItemGroup>
    <ClCompile Include="CameraView.cpp">
      <Filter>Source Files\View</Filter>
    </ClCompile>
    <ClCompile Include="Object3D.cpp">
      <Filter>Source Files\Space3D</Filter>
    </ClCompile>
    <ClCompile Include="IntCoord.cpp">
      <Filter>Source Files\Space2D</Filter>
    </ClCompile>
    <ClCompile Include="Transform.cpp">
      <Filter>Source Files\Space3D</Filter>
    </ClCompile>
    <ClCompile Include="Model.cpp">
      <Filter>Source Files\Space3D</Filter>
    </ClCompile>
    <ClCompile Include="Color.cpp">
      <Filter>Source Files\DataTypes</Filter>
    </ClCompile>
    <ClCompile Include="DebugTools.cpp">
      <Filter>Source Files\Utilities</Filter>
    </ClCompile>
    <ClCompile Include="RotationMath.cpp">
      <Filter>Source Files\Utilities\Math</Filter>
    </ClCompile>
    <ClCompile Include="DataSystem.cpp">
      <Filter>Source Files\Utilities\Files</Filter>
    </ClCompile>
    <ClCompile Include="StringTools.cpp">
      <Filter>Source Files\Utilities\DataTypeExtenders</Filter>
    </ClCompile>
    <ClCompile Include="Particle.cpp">
      <Filter>Source Files\Physics</Filter>
    </ClCompile>
    <ClCompile Include="ParticleSystem.cpp">
      <Filter>Source Files\Physics</Filter>
    </ClCompile>
    <ClCompile Include="ManagerBase.cpp">
      <Filter>Source Files\Management</Filter>
    </ClCompile>
    <ClCompile Include="ManagedBase.cpp">
      <Filter>Source Files\Management</Filter>
    </ClCompile>
  </ItemGroup>
  <ItemGroup>
    <ClInclude Include="MeshData.h">
      <Filter>Header Files\Space3D</Filter>
    </ClInclude>
    <ClInclude Include="ModelData.h">
      <Filter>Header Files\Space3D</Filter>
    </ClInclude>
    <ClInclude Include="CameraView.h">
      <Filter>Header Files\View</Filter>
    </ClInclude>
    <ClInclude Include="M3DTools.h">
      <Filter>Header Files\Utilities\OpenGL</Filter>
    </ClInclude>
    <ClInclude Include="Color.h">
      <Filter>Header Files\DataTypes</Filter>
    </ClInclude>
    <ClInclude Include="IntCoord.h">
      <Filter>Header Files\Space2D</Filter>
    </ClInclude>
    <ClInclude Include="Transform.h">
      <Filter>Header Files\Space3D</Filter>
    </ClInclude>
    <ClInclude Include="Model.h">
      <Filter>Header Files\Space3D</Filter>
    </ClInclude>
    <ClInclude Include="ccmccooeyWrapper.h">
      <Filter>Header Files\Include</Filter>
    </ClInclude>
    <ClInclude Include="Object3D.h">
      <Filter>Header Files\Space3D</Filter>
    </ClInclude>
    <ClInclude Include="CountedArray.h">
      <Filter>Header Files\Utilities</Filter>
    </ClInclude>
    <ClInclude Include="DebugTools.h">
      <Filter>Header Files\Utilities\Debug</Filter>
    </ClInclude>
    <ClInclude Include="GeneralMath.h">
      <Filter>Header Files\Utilities\Math</Filter>
    </ClInclude>
    <ClInclude Include="RandMath.h">
      <Filter>Header Files\Utilities\Math</Filter>
    </ClInclude>
    <ClInclude Include="RotationMath.h">
      <Filter>Header Files\Utilities\Math</Filter>
    </ClInclude>
    <ClInclude Include="DataSystem.h">
      <Filter>Header Files\Utilities\Files</Filter>
    </ClInclude>
    <ClInclude Include="StringTools.h">
      <Filter>Header Files\Utilities\DataTypeExtenders</Filter>
    </ClInclude>
    <ClInclude Include="Particle.h">
      <Filter>Header Files\Physics</Filter>
    </ClInclude>
    <ClInclude Include="ParticleSystem.h">
      <Filter>Header Files\Physics</Filter>
    </ClInclude>
    <ClInclude Include="ManagedBase.h">
      <Filter>Header Files\Managment</Filter>
    </ClInclude>
    <ClInclude Include="ManageTypes.h">
      <Filter>Header Files\Managment</Filter>
    </ClInclude>
    <ClInclude Include="ManagerBase.h">
      <Filter>Header Files\Managment</Filter>
    </ClInclude>
    <ClInclude Include="Defines.h">
      <Filter>Header Files\Definitions</Filter>
    </ClInclude>
    <ClInclude Include="EngineDefines.h">
      <Filter>Header Files\Definitions</Filter>
    </ClInclude>
    <ClInclude Include="PhysicsDefines.h">
      <Filter>Header Files\Definitions</Filter>
    </ClInclude>
    <ClInclude Include="GraphicsGlobals.h">
      <Filter>Header Files\Definitions</Filter>
    </ClInclude>
    <ClInclude Include="PhysicsGlobals.h">
      <Filter>Header Files\Definitions</Filter>
    </ClInclude>
    <ClInclude Include="PhysicsObject.h">
      <Filter>Header Files\Physics</Filter>
    </ClInclude>
    <ClInclude Include="Timer.h">
      <Filter>Header Files\Utilities\Time</Filter>
    </ClInclude>
  </ItemGroup>
</Project>