<?xml version="1.0" encoding="utf-8"?>
<Project ToolsVersion="4.0" xmlns="http://schemas.microsoft.com/developer/msbuild/2003">
  <ItemGroup>
    <Filter Include="Source Files">
      <UniqueIdentifier>{4FC737F1-C7A5-4376-A066-2A32D752A2FF}</UniqueIdentifier>
      <Extensions>cpp;c;cc;cxx;def;odl;idl;hpj;bat;asm;asmx</Extensions>
    </Filter>
    <Filter Include="Header Files">
      <UniqueIdentifier>{93995380-89BD-4b04-88EB-625FBE52EBFB}</UniqueIdentifier>
      <Extensions>h;hh;hpp;hxx;hm;inl;inc;xsd</Extensions>
    </Filter>
    <Filter Include="Resource Files">
      <UniqueIdentifier>{67DA6AB6-F800-4c08-8B7A-83BB121AAD01}</UniqueIdentifier>
      <Extensions>rc;ico;cur;bmp;dlg;rc2;rct;bin;rgs;gif;jpg;jpeg;jpe;resx;tiff;tif;png;wav;mfcribbon-ms</Extensions>
    </Filter>
    <Filter Include="Header Files\View">
      <UniqueIdentifier>{7ca78a29-cdcc-4f23-b8bd-b9b0f783f9c8}</UniqueIdentifier>
    </Filter>
    <Filter Include="Header Files\DataTypes">
      <UniqueIdentifier>{9e10cbd7-3a66-4fba-bd7e-e87149e207d8}</UniqueIdentifier>
    </Filter>
    <Filter Include="Source Files\View">
      <UniqueIdentifier>{5f8cc771-2eba-4e9a-888f-d8fd79abf205}</UniqueIdentifier>
    </Filter>
    <Filter Include="Source Files\Space3D">
      <UniqueIdentifier>{939658a1-8c0a-4f80-8fa2-e26359246dcb}</UniqueIdentifier>
    </Filter>
    <Filter Include="Header Files\Space3D">
      <UniqueIdentifier>{20bb24ec-92b8-4ff1-ad27-1e659cf217ce}</UniqueIdentifier>
    </Filter>
    <Filter Include="Header Files\Space2D">
      <UniqueIdentifier>{5a25ba3e-b658-4dc2-950d-781bf381881d}</UniqueIdentifier>
    </Filter>
    <Filter Include="Source Files\Space2D">
      <UniqueIdentifier>{eed7a7d2-d4f4-4974-b92e-4e7d782bdfc4}</UniqueIdentifier>
    </Filter>
    <Filter Include="Source Files\DataTypes">
      <UniqueIdentifier>{ae12ab17-0bc1-4b86-83fe-011834de77d7}</UniqueIdentifier>
    </Filter>
    <Filter Include="Header Files\Include">
      <UniqueIdentifier>{13422372-9239-49c8-b584-001720fd9968}</UniqueIdentifier>
    </Filter>
    <Filter Include="Source Files\Utilities">
      <UniqueIdentifier>{59fd5d83-5f22-4778-a83b-84d42cf8b8dc}</UniqueIdentifier>
    </Filter>
    <Filter Include="Source Files\Utilities\OpenGL">
      <UniqueIdentifier>{9f6e73d4-e8f0-4414-8425-bf6408b9cabc}</UniqueIdentifier>
    </Filter>
    <Filter Include="Header Files\Utilities">
      <UniqueIdentifier>{bca61b6e-3855-4529-b1c6-f07763e95234}</UniqueIdentifier>
    </Filter>
    <Filter Include="Header Files\Utilities\OpenGL">
      <UniqueIdentifier>{f986266c-3bda-45f0-b058-4a88814e433b}</UniqueIdentifier>
    </Filter>
    <Filter Include="Header Files\Utilities\Math">
      <UniqueIdentifier>{7af774b1-0f1b-4746-b46d-dd4765e27e96}</UniqueIdentifier>
    </Filter>
    <Filter Include="Source Files\Utilities\Math">
      <UniqueIdentifier>{46435713-a99b-46ef-b045-4c57c22e3abe}</UniqueIdentifier>
    </Filter>
    <Filter Include="Header Files\Utilities\Files">
      <UniqueIdentifier>{a95a34ab-ae41-4224-86ad-8caaf496ac4a}</UniqueIdentifier>
    </Filter>
    <Filter Include="Source Files\Utilities\Files">
      <UniqueIdentifier>{027d8baf-fda4-4918-860d-f0461676bb07}</UniqueIdentifier>
    </Filter>
    <Filter Include="Header Files\Utilities\DataTypeExtenders">
      <UniqueIdentifier>{0d8b9f97-678d-4190-bf3a-ce0c5bf4fee1}</UniqueIdentifier>
    </Filter>
    <Filter Include="Source Files\Utilities\DataTypeExtenders">
      <UniqueIdentifier>{80b551d5-29d7-4df5-bad8-36c0efacffd5}</UniqueIdentifier>
    </Filter>
    <Filter Include="Header Files\Physics">
      <UniqueIdentifier>{51543435-2398-4588-8a1e-7b2021ed30e2}</UniqueIdentifier>
    </Filter>
    <Filter Include="Header Files\Utilities\Debug">
      <UniqueIdentifier>{894fc81a-1453-480f-90c8-c6f7dabc21f0}</UniqueIdentifier>
    </Filter>
    <Filter Include="Source Files\Physics">
      <UniqueIdentifier>{972e28f4-5977-4276-adae-39a44cbf723e}</UniqueIdentifier>
    </Filter>
    <Filter Include="Header Files\BaseTypes">
      <UniqueIdentifier>{2a57566f-18c4-424a-aba1-bfa2b8988f1e}</UniqueIdentifier>
    </Filter>
    <Filter Include="Header Files\BaseTypes\Managment">
      <UniqueIdentifier>{7c64ea9a-a944-4a96-8a2b-70b77e27154e}</UniqueIdentifier>
    </Filter>
    <Filter Include="Source Files\Management">
      <UniqueIdentifier>{6f4a2ba5-a728-4180-8921-b137d5dacfa0}</UniqueIdentifier>
    </Filter>
    <Filter Include="Header Files\Definitions">
      <UniqueIdentifier>{67b4033f-ec42-4708-aa54-cd0c6d4eb855}</UniqueIdentifier>
    </Filter>
    <Filter Include="Header Files\Utilities\Time">
      <UniqueIdentifier>{ec1aab75-bb5a-4cb2-b31c-ab84aaadaf8c}</UniqueIdentifier>
    </Filter>
    <Filter Include="Header Files\Utilities\Containers">
      <UniqueIdentifier>{acc01df3-f20a-4318-8b99-9a10e8b38620}</UniqueIdentifier>
    </Filter>
    <Filter Include="Header Files\Utilities\Math\FactorContainers">
      <UniqueIdentifier>{56459b9c-ce9a-4669-8056-a28612b277cd}</UniqueIdentifier>
    </Filter>
    <Filter Include="Header Files\Graphics">
      <UniqueIdentifier>{e4b707fa-4268-4240-8e18-7a83f83533d5}</UniqueIdentifier>
    </Filter>
    <Filter Include="Source Files\Graphics">
      <UniqueIdentifier>{f9b6dfb2-139d-471d-9ce2-ae95d7d96ef5}</UniqueIdentifier>
    </Filter>
    <Filter Include="Header Files\Physics\Particles">
      <UniqueIdentifier>{9d5c99a0-e4c4-44b1-ab53-a20779aaac1b}</UniqueIdentifier>
    </Filter>
    <Filter Include="Source Files\Physics\Particles">
      <UniqueIdentifier>{006f5c56-924d-4699-bc55-7e7018de6609}</UniqueIdentifier>
    </Filter>
    <Filter Include="Header Files\Common Objects">
      <UniqueIdentifier>{002ae246-d6c8-4c4c-a287-9348f6890253}</UniqueIdentifier>
    </Filter>
    <Filter Include="Source Files\Common Objects">
      <UniqueIdentifier>{c66e64e7-f9f5-44ca-a292-89b1fd144a72}</UniqueIdentifier>
    </Filter>
    <Filter Include="Header Files\Space3D\Volumes">
      <UniqueIdentifier>{0888309a-7ba3-4b07-8943-507227735f5b}</UniqueIdentifier>
    </Filter>
    <Filter Include="Source Files\Physics\Rigid Body">
      <UniqueIdentifier>{a49220c2-fb06-4e9a-b166-0b5768f80be6}</UniqueIdentifier>
    </Filter>
    <Filter Include="Source Files\Physics\Particles\MassAggregates">
      <UniqueIdentifier>{64892d32-41bf-456f-87ef-d95ee503e80b}</UniqueIdentifier>
    </Filter>
    <Filter Include="Source Files\Physics\Particles\Forces">
      <UniqueIdentifier>{61f8a5af-790a-4428-b995-2e0bc74c064b}</UniqueIdentifier>
    </Filter>
    <Filter Include="Source Files\Physics\Particles\Connections">
      <UniqueIdentifier>{3d0fb0cb-b11e-40bf-a522-3a641f3edc05}</UniqueIdentifier>
    </Filter>
    <Filter Include="Source Files\Physics\Particles\Collision">
      <UniqueIdentifier>{53951a4b-b637-444e-b24a-12af46a696f1}</UniqueIdentifier>
    </Filter>
    <Filter Include="Header Files\Physics\Rigid Body">
      <UniqueIdentifier>{d27c1f82-5f39-4806-b7a0-76f8e2ebc876}</UniqueIdentifier>
    </Filter>
    <Filter Include="Header Files\Physics\Particles\Collision">
      <UniqueIdentifier>{0897655f-f2cb-4f60-8039-80363a3ab95c}</UniqueIdentifier>
    </Filter>
    <Filter Include="Header Files\Physics\Particles\Connections">
      <UniqueIdentifier>{46ae4af4-36ba-4a3f-9db5-a9315bbba826}</UniqueIdentifier>
    </Filter>
    <Filter Include="Header Files\Physics\Particles\Forces">
      <UniqueIdentifier>{6fc1f6e4-0b39-40f9-a343-e6d4d19a6108}</UniqueIdentifier>
    </Filter>
    <Filter Include="Header Files\Physics\Particles\MassAggregates">
      <UniqueIdentifier>{bf615ef9-c0bb-4a95-9ed9-1a28930991fe}</UniqueIdentifier>
    </Filter>
    <Filter Include="Documentation">
      <UniqueIdentifier>{ea7f80c7-5c1a-4225-a9f7-81a8b01dcaea}</UniqueIdentifier>
    </Filter>
    <Filter Include="Header Files\Physics\Rigid Body\Forces">
      <UniqueIdentifier>{c936ec24-1880-4366-adb0-f71d4d25e915}</UniqueIdentifier>
    </Filter>
    <Filter Include="Source Files\Physics\Rigid Body\Forces">
      <UniqueIdentifier>{0a800c79-0388-4f5e-8656-05a4e254f764}</UniqueIdentifier>
    </Filter>
  </ItemGroup>
  <ItemGroup>
    <ClCompile Include="CameraView.cpp">
      <Filter>Source Files\View</Filter>
    </ClCompile>
    <ClCompile Include="Object3D.cpp">
      <Filter>Source Files\Graphics</Filter>
    </ClCompile>
    <ClCompile Include="IntCoord.cpp">
      <Filter>Source Files\Space2D</Filter>
    </ClCompile>
    <ClCompile Include="Transform.cpp">
      <Filter>Source Files\Space3D</Filter>
    </ClCompile>
    <ClCompile Include="Model.cpp">
      <Filter>Source Files\Graphics</Filter>
    </ClCompile>
    <ClCompile Include="Color.cpp">
      <Filter>Source Files\DataTypes</Filter>
    </ClCompile>
    <ClCompile Include="DebugTools.cpp">
      <Filter>Source Files\Utilities</Filter>
    </ClCompile>
    <ClCompile Include="RotationMath.cpp">
      <Filter>Source Files\Utilities\Math</Filter>
    </ClCompile>
    <ClCompile Include="DataSystem.cpp">
      <Filter>Source Files\Utilities\Files</Filter>
    </ClCompile>
    <ClCompile Include="StringTools.cpp">
      <Filter>Source Files\Utilities\DataTypeExtenders</Filter>
    </ClCompile>
    <ClCompile Include="Particle.cpp">
      <Filter>Source Files\Physics\Particles</Filter>
    </ClCompile>
    <ClCompile Include="ParticleSystem.cpp">
      <Filter>Source Files\Physics\Particles</Filter>
    </ClCompile>
    <ClCompile Include="ParticleLink.cpp">
      <Filter>Source Files\Physics\Particles\Connections</Filter>
    </ClCompile>
    <ClCompile Include="ParticleCable.cpp">
      <Filter>Source Files\Physics\Particles\Connections</Filter>
    </ClCompile>
    <ClCompile Include="ParticleRod.cpp">
      <Filter>Source Files\Physics\Particles\Connections</Filter>
    </ClCompile>
    <ClCompile Include="ManagerBase.cpp">
      <Filter>Source Files\Management</Filter>
    </ClCompile>
    <ClCompile Include="ManagedBase.cpp">
      <Filter>Source Files\Management</Filter>
    </ClCompile>
    <ClCompile Include="ParticleGravity.cpp">
      <Filter>Source Files\Physics\Particles\Forces</Filter>
    </ClCompile>
    <ClCompile Include="Vector3f_nah.cpp">
      <Filter>Source Files\Space3D</Filter>
    </ClCompile>
    <ClCompile Include="GroundArea.cpp">
      <Filter>Source Files\Common Objects</Filter>
    </ClCompile>
    <ClCompile Include="ParticleContactResolver.cpp">
      <Filter>Source Files\Physics\Particles\Collision</Filter>
    </ClCompile>
    <ClCompile Include="ParticleContact.cpp">
      <Filter>Source Files\Physics\Particles\Collision</Filter>
    </ClCompile>
    <ClCompile Include="ParticleWall.cpp">
      <Filter>Source Files\Physics\Particles\Collision</Filter>
    </ClCompile>
    <ClCompile Include="MassAggregate.cpp">
      <Filter>Source Files\Physics\Particles\MassAggregates</Filter>
    </ClCompile>
    <ClCompile Include="CubeAggregate.cpp">
      <Filter>Source Files\Physics\Particles\MassAggregates</Filter>
    </ClCompile>
    <ClCompile Include="Rotation3D.cpp">
      <Filter>Source Files\Space3D</Filter>
    </ClCompile>
    <ClCompile Include="MatrixR.cpp">
      <Filter>Source Files\DataTypes</Filter>
    </ClCompile>
    <ClCompile Include="Quaternion.cpp">
      <Filter>Source Files\Space3D</Filter>
    </ClCompile>
    <ClCompile Include="RigidBody.cpp">
      <Filter>Source Files\Physics\Rigid Body</Filter>
    </ClCompile>
    <ClCompile Include="ParticleObject.cpp">
      <Filter>Source Files\Common Objects</Filter>
    </ClCompile>
    <ClCompile Include="RigidBodyGravity.cpp">
      <Filter>Source Files\Physics\Rigid Body\Forces</Filter>
    </ClCompile>
    <ClCompile Include="RigidBodyForceGenerator.cpp">
      <Filter>Source Files\Physics\Rigid Body\Forces</Filter>
    </ClCompile>
    <ClCompile Include="RigidObject.cpp">
      <Filter>Source Files\Common Objects</Filter>
    </ClCompile>
    <ClCompile Include="RigidBodySystem.cpp">
      <Filter>Source Files\Physics\Rigid Body</Filter>
    </ClCompile>
  </ItemGroup>
  <ItemGroup>
    <ClInclude Include="MeshData.h">
      <Filter>Header Files\Graphics</Filter>
    </ClInclude>
    <ClInclude Include="ModelData.h">
      <Filter>Header Files\Graphics</Filter>
    </ClInclude>
    <ClInclude Include="CameraView.h">
      <Filter>Header Files\View</Filter>
    </ClInclude>
    <ClInclude Include="M3DTools.h">
      <Filter>Header Files\Utilities\OpenGL</Filter>
    </ClInclude>
    <ClInclude Include="Color.h">
      <Filter>Header Files\DataTypes</Filter>
    </ClInclude>
    <ClInclude Include="IntCoord.h">
      <Filter>Header Files\Space2D</Filter>
    </ClInclude>
    <ClInclude Include="Transform.h">
      <Filter>Header Files\Space3D</Filter>
    </ClInclude>
    <ClInclude Include="Model.h">
      <Filter>Header Files\Graphics</Filter>
    </ClInclude>
    <ClInclude Include="ccmccooeyWrapper.h">
      <Filter>Header Files\Include</Filter>
    </ClInclude>
    <ClInclude Include="Object3D.h">
      <Filter>Header Files\Graphics</Filter>
    </ClInclude>
    <ClInclude Include="CountedArray.h">
      <Filter>Header Files\Utilities\Containers</Filter>
    </ClInclude>
    <ClInclude Include="DebugTools.h">
      <Filter>Header Files\Utilities\Debug</Filter>
    </ClInclude>
    <ClInclude Include="GeneralMath.h">
      <Filter>Header Files\Utilities\Math</Filter>
    </ClInclude>
    <ClInclude Include="RandMath.h">
      <Filter>Header Files\Utilities\Math</Filter>
    </ClInclude>
    <ClInclude Include="RotationMath.h">
      <Filter>Header Files\Utilities\Math</Filter>
    </ClInclude>
    <ClInclude Include="DataSystem.h">
      <Filter>Header Files\Utilities\Files</Filter>
    </ClInclude>
    <ClInclude Include="StringTools.h">
      <Filter>Header Files\Utilities\DataTypeExtenders</Filter>
    </ClInclude>
    <ClInclude Include="Particle.h">
      <Filter>Header Files\Physics\Particles</Filter>
    </ClInclude>
    <ClInclude Include="ParticleSystem.h">
      <Filter>Header Files\Physics\Particles</Filter>
    </ClInclude>
    <ClInclude Include="ParticleRod.h">
      <Filter>Header Files\Physics\Particles\Connections</Filter>
    </ClInclude>
    <ClInclude Include="ParticleSpring.h">
      <Filter>Header Files\Physics\Particles\Forces</Filter>
    </ClInclude>
    <ClInclude Include="ParticleBungee.h">
      <Filter>Header Files\Physics\Particles\Forces</Filter>
    </ClInclude>
    <ClInclude Include="ParticleCable.h">
      <Filter>Header Files\Physics\Particles\Connections</Filter>
    </ClInclude>
    <ClInclude Include="ParticleLink.h">
      <Filter>Header Files\Physics\Particles\Connections</Filter>
    </ClInclude>
    <ClInclude Include="ManagedBase.h">
      <Filter>Header Files\BaseTypes\Managment</Filter>
    </ClInclude>
    <ClInclude Include="ManageTypes.h">
      <Filter>Header Files\BaseTypes\Managment</Filter>
    </ClInclude>
    <ClInclude Include="ManagerBase.h">
      <Filter>Header Files\BaseTypes\Managment</Filter>
    </ClInclude>
    <ClInclude Include="EngineDefines.h">
      <Filter>Header Files\Definitions</Filter>
    </ClInclude>
    <ClInclude Include="PhysicsDefines.h">
      <Filter>Header Files\Definitions</Filter>
    </ClInclude>
    <ClInclude Include="GraphicsGlobals.h">
      <Filter>Header Files\Definitions</Filter>
    </ClInclude>
    <ClInclude Include="PhysicsGlobals.h">
      <Filter>Header Files\Definitions</Filter>
    </ClInclude>
    <ClInclude Include="ParticleObject.h">
      <Filter>Header Files\Common Objects</Filter>
    </ClInclude>
    <ClInclude Include="Timer.h">
      <Filter>Header Files\Utilities\Time</Filter>
    </ClInclude>
    <ClInclude Include="ParticleForceGenerator.h">
      <Filter>Header Files\Physics\Particles\Forces</Filter>
    </ClInclude>
    <ClInclude Include="ParticleGravity.h">
      <Filter>Header Files\Physics\Particles\Forces</Filter>
    </ClInclude>
    <ClInclude Include="FloatFactor.h">
      <Filter>Header Files\Utilities\Math\FactorContainers</Filter>
    </ClInclude>
    <ClInclude Include="DoubleFactor.h">
      <Filter>Header Files\Utilities\Math\FactorContainers</Filter>
    </ClInclude>
    <ClInclude Include="IntegerFactor.h">
      <Filter>Header Files\Utilities\Math\FactorContainers</Filter>
    </ClInclude>
    <ClInclude Include="FactorBase.h">
      <Filter>Header Files\Utilities\Math\FactorContainers</Filter>
    </ClInclude>
    <ClInclude Include="TransformObject.h">
      <Filter>Header Files\Space3D</Filter>
    </ClInclude>
    <ClInclude Include="M3DTypes.h">
      <Filter>Header Files\Utilities\OpenGL</Filter>
    </ClInclude>
    <ClInclude Include="MathDefines.h">
      <Filter>Header Files\Utilities\Math</Filter>
    </ClInclude>
    <ClInclude Include="Primitives.h">
      <Filter>Header Files\Graphics</Filter>
    </ClInclude>
    <ClInclude Include="SpaceDefines.h">
      <Filter>Header Files\Space3D</Filter>
    </ClInclude>
    <ClInclude Include="GroundArea.h">
      <Filter>Header Files\Common Objects</Filter>
    </ClInclude>
    <ClInclude Include="PrecisionMath.h">
      <Filter>Header Files\Utilities\Math</Filter>
    </ClInclude>
    <ClInclude Include="Boundings.h">
      <Filter>Header Files\Physics\Particles\Collision</Filter>
    </ClInclude>
    <ClInclude Include="VolumeDefinition.h">
      <Filter>Header Files\Space3D\Volumes</Filter>
    </ClInclude>
    <ClInclude Include="DebugDefines.h">
      <Filter>Header Files\Definitions</Filter>
    </ClInclude>
    <ClInclude Include="ParticleWall.h">
      <Filter>Header Files\Physics\Particles\Collision</Filter>
    </ClInclude>
    <ClInclude Include="ParticleContact.h">
      <Filter>Header Files\Physics\Particles\Collision</Filter>
    </ClInclude>
    <ClInclude Include="ParticleContactGenerator.h">
      <Filter>Header Files\Physics\Particles\Collision</Filter>
    </ClInclude>
    <ClInclude Include="ParticleContactResolver.h">
      <Filter>Header Files\Physics\Particles\Collision</Filter>
    </ClInclude>
    <ClInclude Include="CodingDefines.h">
      <Filter>Header Files\Definitions</Filter>
    </ClInclude>
    <ClInclude Include="TimeDefines.h">
      <Filter>Header Files\Utilities\Time</Filter>
    </ClInclude>
    <ClInclude Include="DebugKeys.h">
      <Filter>Header Files\Definitions</Filter>
    </ClInclude>
    <ClInclude Include="MassAggregate.h">
      <Filter>Header Files\Physics\Particles\MassAggregates</Filter>
    </ClInclude>
    <ClInclude Include="CubeAggregate.h">
      <Filter>Header Files\Physics\Particles\MassAggregates</Filter>
    </ClInclude>
    <ClInclude Include="TetrahedronAggregate.h">
      <Filter>Header Files\Physics\Particles\MassAggregates</Filter>
    </ClInclude>
    <ClInclude Include="OctahedronAggregate.h">
      <Filter>Header Files\Physics\Particles\MassAggregates</Filter>
    </ClInclude>
    <ClInclude Include="PrismAggregate.h">
      <Filter>Header Files\Physics\Particles\MassAggregates</Filter>
    </ClInclude>
    <ClInclude Include="AggregateMacro.h">
      <Filter>Source Files\Physics\Particles\MassAggregates</Filter>
    </ClInclude>
    <ClInclude Include="Quaternion.h">
      <Filter>Header Files\Space3D</Filter>
    </ClInclude>
    <ClInclude Include="Rotation3D.h">
      <Filter>Header Files\Space3D</Filter>
    </ClInclude>
    <ClInclude Include="MatrixR.h">
      <Filter>Header Files\DataTypes</Filter>
    </ClInclude>
    <ClInclude Include="IntertiaTensor.h">
      <Filter>Header Files\Physics\Rigid Body</Filter>
    </ClInclude>
    <ClInclude Include="Matrix44r.h">
      <Filter>Header Files\DataTypes</Filter>
    </ClInclude>
    <ClInclude Include="Matrix33r.h">
      <Filter>Header Files\DataTypes</Filter>
    </ClInclude>
    <ClInclude Include="PhysicsBase.h">
      <Filter>Header Files\Physics</Filter>
    </ClInclude>
    <ClInclude Include="VectorMath.h">
      <Filter>Header Files\Utilities\Math</Filter>
    </ClInclude>
    <ClInclude Include="RigidBody.h">
      <Filter>Header Files\Physics\Rigid Body</Filter>
    </ClInclude>
    <ClInclude Include="RigidBodyForceGenerator.h">
      <Filter>Header Files\Physics\Rigid Body\Forces</Filter>
    </ClInclude>
    <ClInclude Include="RigidBodyGravity.h">
      <Filter>Header Files\Physics\Rigid Body\Forces</Filter>
    </ClInclude>
    <ClInclude Include="RigidObject.h">
      <Filter>Header Files\Common Objects</Filter>
    </ClInclude>
    <ClInclude Include="RigidBodySystem.h">
      <Filter>Header Files\Physics\Rigid Body</Filter>
    </ClInclude>
  </ItemGroup>
  <ItemGroup>
    <Text Include="TODO.txt">
      <Filter>Documentation</Filter>
    </Text>
    <Text Include="CodeStandard.txt">
      <Filter>Documentation</Filter>
    </Text>
  </ItemGroup>
</Project>